<?xml version="1.0" encoding="utf-8"?>
<Project ToolsVersion="4.0" xmlns="http://schemas.microsoft.com/developer/msbuild/2003">
  <ItemGroup>
    <Filter Include="Entry">
      <UniqueIdentifier>{0d5e584e-f846-4e5b-834d-437cfdb1cb00}</UniqueIdentifier>
    </Filter>
    <Filter Include="PugiXML">
      <UniqueIdentifier>{a52df5d4-7bb5-4775-a2b2-c13c20ce7ab4}</UniqueIdentifier>
    </Filter>
    <Filter Include="IMGUI">
      <UniqueIdentifier>{987f2a9a-92b4-4b98-baa9-ba4cc65eca86}</UniqueIdentifier>
    </Filter>
    <Filter Include="Application">
      <UniqueIdentifier>{15ce7722-4664-4354-b90d-c68966eb5be8}</UniqueIdentifier>
    </Filter>
    <Filter Include="ShaderParser">
      <UniqueIdentifier>{3b65999b-e0c4-4ce0-8e03-a82f6b83cc37}</UniqueIdentifier>
    </Filter>
    <Filter Include="DataTypes">
      <UniqueIdentifier>{74f1c4df-787a-426e-8c53-e2003e03de6f}</UniqueIdentifier>
    </Filter>
    <Filter Include="ShaderMaterials">
      <UniqueIdentifier>{a957ffae-b24e-4b00-aa79-5b857d177d69}</UniqueIdentifier>
    </Filter>
    <Filter Include="ShaderMaterials\Material">
      <UniqueIdentifier>{03a8be5d-eb72-4365-9f2e-97f11d8c5b93}</UniqueIdentifier>
    </Filter>
    <Filter Include="ShaderParser\ID3DInclude">
      <UniqueIdentifier>{c192d7f1-6693-46ea-839c-3be714edc6cd}</UniqueIdentifier>
    </Filter>
    <Filter Include="DataTypes\ShaderPath">
      <UniqueIdentifier>{b9f3e25d-76a2-420d-bcc9-71fdf49946db}</UniqueIdentifier>
    </Filter>
    <Filter Include="ShaderMaterials\Shader">
      <UniqueIdentifier>{6d26e944-2bd9-4965-b8a4-bbf3e4bc23d0}</UniqueIdentifier>
    </Filter>
    <Filter Include="ShaderMaterials\Shader\VertexShader">
      <UniqueIdentifier>{1a52533a-2326-4e3c-8731-7a1c1b54b499}</UniqueIdentifier>
    </Filter>
    <Filter Include="ShaderMaterials\Shader\PixelShader">
      <UniqueIdentifier>{74fa0d32-7d96-4043-a6d9-414bbacf7f60}</UniqueIdentifier>
    </Filter>
    <Filter Include="ShaderMaterials\Material\ConstantBufferPropertyList">
      <UniqueIdentifier>{62a60de9-be4a-4dea-83ef-6d8c66c4b231}</UniqueIdentifier>
    </Filter>
    <Filter Include="ShaderMaterials\Material\TexturePropertyList">
      <UniqueIdentifier>{65ba69bb-5497-4be8-afb5-655b3935741e}</UniqueIdentifier>
    </Filter>
    <Filter Include="Helpers">
      <UniqueIdentifier>{552478ca-509d-4d99-bacf-fd6e12ce4b5f}</UniqueIdentifier>
    </Filter>
    <Filter Include="Helpers\TextHelper">
      <UniqueIdentifier>{66e0e155-2340-474b-a604-3ec005a93d7f}</UniqueIdentifier>
    </Filter>
    <Filter Include="Helpers\D3DHelper">
      <UniqueIdentifier>{d76d1c0b-0ead-4779-b7d9-d3295df5595b}</UniqueIdentifier>
    </Filter>
  </ItemGroup>
  <ItemGroup>
    <ClCompile Include="main.cpp">
      <Filter>Entry</Filter>
    </ClCompile>
    <ClCompile Include="PgApp.cpp">
      <Filter>Application</Filter>
    </ClCompile>
    <ClCompile Include="imgui.cpp">
      <Filter>IMGUI</Filter>
    </ClCompile>
    <ClCompile Include="imgui_demo.cpp">
      <Filter>IMGUI</Filter>
    </ClCompile>
    <ClCompile Include="imgui_draw.cpp">
      <Filter>IMGUI</Filter>
    </ClCompile>
    <ClCompile Include="imgui_impl_gdi.cpp">
      <Filter>IMGUI</Filter>
    </ClCompile>
    <ClCompile Include="imgui_impl_win32.cpp">
      <Filter>IMGUI</Filter>
    </ClCompile>
    <ClCompile Include="imgui_widgets.cpp">
      <Filter>IMGUI</Filter>
    </ClCompile>
    <ClCompile Include="pugixml.cpp">
      <Filter>PugiXML</Filter>
    </ClCompile>
    <ClCompile Include="TextHelper.cpp">
      <Filter>Helpers\TextHelper</Filter>
    </ClCompile>
    <ClCompile Include="ShaderParser.cpp">
      <Filter>ShaderParser</Filter>
    </ClCompile>
    <ClCompile Include="PixelShader.cpp">
      <Filter>ShaderMaterials\Shader\PixelShader</Filter>
    </ClCompile>
    <ClCompile Include="VertexShader.cpp">
      <Filter>ShaderMaterials\Shader\VertexShader</Filter>
    </ClCompile>
    <ClCompile Include="Material.cpp">
      <Filter>ShaderMaterials\Material</Filter>
    </ClCompile>
    <ClCompile Include="ConstantBufferPropertyList.cpp">
      <Filter>ShaderMaterials\Material\ConstantBufferPropertyList</Filter>
    </ClCompile>
    <ClCompile Include="ShaderPath.cpp">
      <Filter>DataTypes\ShaderPath</Filter>
    </ClCompile>
    <ClCompile Include="BaseShader.cpp">
      <Filter>ShaderMaterials\Shader</Filter>
    </ClCompile>
    <ClCompile Include="TexturesPropertyList.cpp">
      <Filter>ShaderMaterials\Material\TexturePropertyList</Filter>
    </ClCompile>
    <ClCompile Include="imgui_stdlib.cpp">
      <Filter>IMGUI</Filter>
    </ClCompile>
  </ItemGroup>
  <ItemGroup>
    <ClInclude Include="PgApp.h">
      <Filter>Application</Filter>
    </ClInclude>
    <ClInclude Include="imconfig.h">
      <Filter>IMGUI</Filter>
    </ClInclude>
    <ClInclude Include="imgui.h">
      <Filter>IMGUI</Filter>
    </ClInclude>
    <ClInclude Include="imgui_impl_gdi.h">
      <Filter>IMGUI</Filter>
    </ClInclude>
    <ClInclude Include="imgui_impl_win32.h">
      <Filter>IMGUI</Filter>
    </ClInclude>
    <ClInclude Include="imgui_internal.h">
      <Filter>IMGUI</Filter>
    </ClInclude>
    <ClInclude Include="imstb_rectpack.h">
      <Filter>IMGUI</Filter>
    </ClInclude>
    <ClInclude Include="imstb_textedit.h">
      <Filter>IMGUI</Filter>
    </ClInclude>
    <ClInclude Include="imstb_truetype.h">
      <Filter>IMGUI</Filter>
    </ClInclude>
    <ClInclude Include="pugiconfig.hpp">
      <Filter>PugiXML</Filter>
    </ClInclude>
    <ClInclude Include="pugixml.hpp">
      <Filter>PugiXML</Filter>
    </ClInclude>
    <ClInclude Include="TextHelper.h">
      <Filter>Helpers\TextHelper</Filter>
    </ClInclude>
    <ClInclude Include="ShaderParser.h">
      <Filter>ShaderParser</Filter>
    </ClInclude>
    <ClInclude Include="PgData.h">
      <Filter>DataTypes</Filter>
    </ClInclude>
    <ClInclude Include="PgDefineEnums.h">
      <Filter>DataTypes</Filter>
    </ClInclude>
    <ClInclude Include="PixelShader.h">
      <Filter>ShaderMaterials\Shader\PixelShader</Filter>
    </ClInclude>
    <ClInclude Include="VertexShader.h">
      <Filter>ShaderMaterials\Shader\VertexShader</Filter>
    </ClInclude>
    <ClInclude Include="Material.h">
      <Filter>ShaderMaterials\Material</Filter>
    </ClInclude>
    <ClInclude Include="ConstantBufferPropertyList.h">
      <Filter>ShaderMaterials\Material\ConstantBufferPropertyList</Filter>
    </ClInclude>
    <ClInclude Include="ParagonShaderInclude.h">
      <Filter>ShaderParser\ID3DInclude</Filter>
    </ClInclude>
    <ClInclude Include="ShaderPath.h">
      <Filter>DataTypes\ShaderPath</Filter>
    </ClInclude>
    <ClInclude Include="BaseShader.h">
      <Filter>ShaderMaterials\Shader</Filter>
    </ClInclude>
    <ClInclude Include="TexturesPropertyList.h">
      <Filter>ShaderMaterials\Material\TexturePropertyList</Filter>
    </ClInclude>
    <ClInclude Include="D3DHelper.h">
      <Filter>Helpers\D3DHelper</Filter>
    </ClInclude>
    <ClInclude Include="imgui_stdlib.h">
      <Filter>IMGUI</Filter>
    </ClInclude>
  </ItemGroup>
</Project>